{
  "version": 4,
  "terraform_version": "1.14.6",
  "serial": 80,
  "lineage": "9ec14373-4994-803b-d678-8cbfe4868430",
  "outputs": {
    "public_ip": {
      "value": "52.242.196.94",
      "type": "string"
    }
  },
  "resources": [
    {
      "mode": "managed",
      "type": "azurerm_linux_virtual_machine",
      "name": "vm",
      "provider": "provider[\"registry.terraform.io/hashicorp/azurerm\"]",
      "instances": [
        {
          "schema_version": 0,
          "attributes": {
            "additional_capabilities": [],
            "admin_password": null,
            "admin_ssh_key": [
              {
                "public_key": "ssh-rsa AAAAB3NzaC1yc2EAAAADAQABAAABAQDVExRAVYoHraa81sayr8dHGbXb69KQJMpuPXMOAmjwmCij9zWEkT4y5EsmRlxkxUBf4VTcpFDIEhMD1+sTvcS4YB75hdtMk7iXcrZ5cyBVcIFIDAwKrhOufcF+ohTXh0ajHY1OD9t50IdY04RNOAeFzjdkVQ/tzCtROMn9mXF1dOjdYLca3JLenqTjSG5k9+j7MiyIFnl8WVevWVn0pkfHDzOnqL2W6d2HElhXX34Bhc4sfhYu+i4BpGD81l+AWaUJGIxC1OZOddWuLNUlWTZEGLZiYEB3uaA5Ly2l8dH4xqzDXRYE86iBa02KwOb9YjU3ryw9AJLYzi/A3B8kptYL wita@SandboxHost-639127113886003108\n",
                "username": "azureuser"
              }
            ],
            "admin_username": "azureuser",
            "allow_extension_operations": true,
            "availability_set_id": "",
            "boot_diagnostics": [],
            "bypass_platform_safety_checks_on_user_schedule_enabled": false,
            "capacity_reservation_group_id": "",
            "computer_name": "vm-lab-vita",
            "custom_data": "I2Nsb3VkLWNvbmZpZwpwYWNrYWdlX3VwZGF0ZTogdHJ1ZQoKcGFja2FnZXM6CiAgLSBkb2NrZXIuaW8KICAtIGdpdAogIC0gZG9ja2VyLWNvbXBvc2UKCnJ1bmNtZDoKICAtIHN5c3RlbWN0bCBzdGFydCBkb2NrZXIKICAtIHN5c3RlbWN0bCBlbmFibGUgZG9ja2VyCiAgIyDQmtC70L7QvdGD0ZTQvNC+INGA0LXQv9C+0LfQuNGC0L7RgNGW0Lkg0YMg0L/QsNC/0LrRgyAvYXBwCiAgLSBnaXQgY2xvbmUgaHR0cHM6Ly9naXRodWIuY29tL1ZpdGFNb3N0b3ZhL29wZW4tZGF0YS1haS1hbmFseXRpY3MuZ2l0IC9hcHAKICAjINCf0LXRgNC10YXQvtC00LjQvNC+INCyINC60L7RgNGW0L3RjCwg0LTQtSDQu9C10LbQuNGC0YwgY29tcG9zZS55YW1sCiAgLSBjZCAvYXBwCiAgIyDQl9Cw0L/Rg9GB0LrQsNGU0LzQviDQv9GA0L7QtdC60YIgKNGE0LvQsNCzIC1mINCy0LrQsNC20LUg0L3QsCDRhNCw0LnQuywg0Y/QutGJ0L4g0LLRltC9INC90LDQt9C40LLQsNGU0YLRjNGB0Y8g0YHQsNC80LUgY29tcG9zZS55YW1sKQogIC0gZG9ja2VyLWNvbXBvc2UgLWYgY29tcG9zZS55YW1sIC1mIG1vbml0b3JpbmcvZG9ja2VyLWNvbXBvc2UubW9uaXRvcmluZy55bWwgdXAgLWQ=",
            "dedicated_host_group_id": "",
            "dedicated_host_id": "",
            "disable_password_authentication": true,
            "disk_controller_type": "",
            "edge_zone": "",
            "encryption_at_host_enabled": false,
            "eviction_policy": "",
            "extensions_time_budget": "PT1H30M",
            "gallery_application": [],
            "id": "/subscriptions/ff8894a0-a5dc-4103-9ac6-d5ac27f14f78/resourceGroups/rg-lab4-vita-v3/providers/Microsoft.Compute/virtualMachines/vm-lab-vita",
            "identity": [],
            "license_type": "",
            "location": "centralus",
            "max_bid_price": -1,
            "name": "vm-lab-vita",
            "network_interface_ids": [
              "/subscriptions/ff8894a0-a5dc-4103-9ac6-d5ac27f14f78/resourceGroups/rg-lab4-vita-v3/providers/Microsoft.Network/networkInterfaces/nic-lab"
            ],
            "os_disk": [
              {
                "caching": "ReadWrite",
                "diff_disk_settings": [],
                "disk_encryption_set_id": "",
                "disk_size_gb": 30,
                "id": "/subscriptions/ff8894a0-a5dc-4103-9ac6-d5ac27f14f78/resourceGroups/rg-lab4-vita-v3/providers/Microsoft.Compute/disks/vm-lab-vita_disk1_70b451d63ead4a7bbf8cd946c8713aa6",
                "name": "vm-lab-vita_disk1_70b451d63ead4a7bbf8cd946c8713aa6",
                "secure_vm_disk_encryption_set_id": "",
                "security_encryption_type": "",
                "storage_account_type": "Standard_LRS",
                "write_accelerator_enabled": false
              }
            ],
            "os_image_notification": [],
            "os_managed_disk_id": "/subscriptions/ff8894a0-a5dc-4103-9ac6-d5ac27f14f78/resourceGroups/rg-lab4-vita-v3/providers/Microsoft.Compute/disks/vm-lab-vita_disk1_70b451d63ead4a7bbf8cd946c8713aa6",
            "patch_assessment_mode": "ImageDefault",
            "patch_mode": "ImageDefault",
            "plan": [],
            "platform_fault_domain": -1,
            "priority": "Regular",
            "private_ip_address": "10.0.1.4",
            "private_ip_addresses": [
              "10.0.1.4"
            ],
            "provision_vm_agent": true,
            "proximity_placement_group_id": "",
            "public_ip_address": "52.242.196.94",
            "public_ip_addresses": [
              "52.242.196.94"
            ],
            "reboot_setting": "",
            "resource_group_name": "rg-lab4-vita-v3",
            "secret": [],
            "secure_boot_enabled": false,
            "size": "Standard_D2s_v3",
            "source_image_id": "",
            "source_image_reference": [
              {
                "offer": "0001-com-ubuntu-server-jammy",
                "publisher": "Canonical",
                "sku": "22_04-lts",
                "version": "latest"
              }
            ],
            "tags": null,
            "termination_notification": null,
            "timeouts": null,
            "user_data": "",
            "virtual_machine_id": "bc9007ab-0302-4aba-95b2-b631074a3062",
            "virtual_machine_scale_set_id": "",
            "vm_agent_platform_updates_enabled": false,
            "vtpm_enabled": false,
            "zone": ""
          },
          "sensitive_attributes": [
            [
              {
                "type": "get_attr",
                "value": "admin_password"
              }
            ],
            [
              {
                "type": "get_attr",
                "value": "custom_data"
              }
            ]
          ],
          "identity_schema_version": 0,
          "private": "eyJlMmJmYjczMC1lY2FhLTExZTYtOGY4OC0zNDM2M2JjN2M0YzAiOnsiY3JlYXRlIjoyNzAwMDAwMDAwMDAwLCJkZWxldGUiOjI3MDAwMDAwMDAwMDAsInJlYWQiOjMwMDAwMDAwMDAwMCwidXBkYXRlIjoyNzAwMDAwMDAwMDAwfX0=",
          "dependencies": [
            "azurerm_network_interface.nic",
            "azurerm_public_ip.pip",
            "azurerm_resource_group.rg",
            "azurerm_subnet.subnet",
            "azurerm_virtual_network.vnet"
          ]
        }
      ]
    },
    {
      "mode": "managed",
      "type": "azurerm_network_interface",
      "name": "nic",
      "provider": "provider[\"registry.terraform.io/hashicorp/azurerm\"]",
      "instances": [
        {
          "schema_version": 0,
          "attributes": {
            "accelerated_networking_enabled": false,
            "applied_dns_servers": [],
            "auxiliary_mode": "",
            "auxiliary_sku": "",
            "dns_servers": null,
            "edge_zone": "",
            "id": "/subscriptions/ff8894a0-a5dc-4103-9ac6-d5ac27f14f78/resourceGroups/rg-lab4-vita-v3/providers/Microsoft.Network/networkInterfaces/nic-lab",
            "internal_dns_name_label": "",
            "internal_domain_name_suffix": "bvppkidziwfurcoztnx2ibkdwb.gx.internal.cloudapp.net",
            "ip_configuration": [
              {
                "gateway_load_balancer_frontend_ip_configuration_id": "",
                "name": "internal",
                "primary": true,
                "private_ip_address": "10.0.1.4",
                "private_ip_address_allocation": "Dynamic",
                "private_ip_address_version": "IPv4",
                "public_ip_address_id": "/subscriptions/ff8894a0-a5dc-4103-9ac6-d5ac27f14f78/resourceGroups/rg-lab4-vita-v3/providers/Microsoft.Network/publicIPAddresses/public-ip-vita",
                "subnet_id": "/subscriptions/ff8894a0-a5dc-4103-9ac6-d5ac27f14f78/resourceGroups/rg-lab4-vita-v3/providers/Microsoft.Network/virtualNetworks/vnet-lab/subnets/subnet-lab"
              }
            ],
            "ip_forwarding_enabled": false,
            "location": "centralus",
            "mac_address": "",
            "name": "nic-lab",
            "private_ip_address": "10.0.1.4",
            "private_ip_addresses": [
              "10.0.1.4"
            ],
            "resource_group_name": "rg-lab4-vita-v3",
            "tags": null,
            "timeouts": null,
            "virtual_machine_id": ""
          },
          "sensitive_attributes": [],
          "identity_schema_version": 0,
          "identity": {
            "name": "nic-lab",
            "resource_group_name": "rg-lab4-vita-v3",
            "subscription_id": "ff8894a0-a5dc-4103-9ac6-d5ac27f14f78"
          },
          "private": "eyJlMmJmYjczMC1lY2FhLTExZTYtOGY4OC0zNDM2M2JjN2M0YzAiOnsiY3JlYXRlIjoxODAwMDAwMDAwMDAwLCJkZWxldGUiOjE4MDAwMDAwMDAwMDAsInJlYWQiOjMwMDAwMDAwMDAwMCwidXBkYXRlIjoxODAwMDAwMDAwMDAwfX0=",
          "dependencies": [
            "azurerm_public_ip.pip",
            "azurerm_resource_group.rg",
            "azurerm_subnet.subnet",
            "azurerm_virtual_network.vnet"
          ]
        }
      ]
    },
    {
      "mode": "managed",
      "type": "azurerm_network_interface_security_group_association",
      "name": "nsg_assoc",
      "provider": "provider[\"registry.terraform.io/hashicorp/azurerm\"]",
      "instances": [
        {
          "schema_version": 0,
          "attributes": {
            "id": "/subscriptions/ff8894a0-a5dc-4103-9ac6-d5ac27f14f78/resourceGroups/rg-lab4-vita-v3/providers/Microsoft.Network/networkInterfaces/nic-lab|/subscriptions/ff8894a0-a5dc-4103-9ac6-d5ac27f14f78/resourceGroups/rg-lab4-vita-v3/providers/Microsoft.Network/networkSecurityGroups/nsg-lab",
            "network_interface_id": "/subscriptions/ff8894a0-a5dc-4103-9ac6-d5ac27f14f78/resourceGroups/rg-lab4-vita-v3/providers/Microsoft.Network/networkInterfaces/nic-lab",
            "network_security_group_id": "/subscriptions/ff8894a0-a5dc-4103-9ac6-d5ac27f14f78/resourceGroups/rg-lab4-vita-v3/providers/Microsoft.Network/networkSecurityGroups/nsg-lab",
            "timeouts": null
          },
          "sensitive_attributes": [],
          "identity_schema_version": 0,
          "private": "eyJlMmJmYjczMC1lY2FhLTExZTYtOGY4OC0zNDM2M2JjN2M0YzAiOnsiY3JlYXRlIjoxODAwMDAwMDAwMDAwLCJkZWxldGUiOjE4MDAwMDAwMDAwMDAsInJlYWQiOjMwMDAwMDAwMDAwMH19",
          "dependencies": [
            "azurerm_network_interface.nic",
            "azurerm_network_security_group.nsg",
            "azurerm_public_ip.pip",
            "azurerm_resource_group.rg",
            "azurerm_subnet.subnet",
            "azurerm_virtual_network.vnet"
          ]
        }
      ]
    },
    {
      "mode": "managed",
      "type": "azurerm_network_security_group",
      "name": "nsg",
      "provider": "provider[\"registry.terraform.io/hashicorp/azurerm\"]",
      "instances": [
        {
          "schema_version": 0,
          "attributes": {
            "id": "/subscriptions/ff8894a0-a5dc-4103-9ac6-d5ac27f14f78/resourceGroups/rg-lab4-vita-v3/providers/Microsoft.Network/networkSecurityGroups/nsg-lab",
            "location": "centralus",
            "name": "nsg-lab",
            "resource_group_name": "rg-lab4-vita-v3",
            "security_rule": [
              {
                "access": "Allow",
                "description": "",
                "destination_address_prefix": "*",
                "destination_address_prefixes": [],
                "destination_application_security_group_ids": [],
                "destination_port_range": "22",
                "destination_port_ranges": [],
                "direction": "Inbound",
                "name": "SSH",
                "priority": 1001,
                "protocol": "Tcp",
                "source_address_prefix": "*",
                "source_address_prefixes": [],
                "source_application_security_group_ids": [],
                "source_port_range": "*",
                "source_port_ranges": []
              },
              {
                "access": "Allow",
                "description": "",
                "destination_address_prefix": "*",
                "destination_address_prefixes": [],
                "destination_application_security_group_ids": [],
                "destination_port_range": "3000",
                "destination_port_ranges": [],
                "direction": "Inbound",
                "name": "Grafana",
                "priority": 1003,
                "protocol": "Tcp",
                "source_address_prefix": "*",
                "source_address_prefixes": [],
                "source_application_security_group_ids": [],
                "source_port_range": "*",
                "source_port_ranges": []
              },
              {
                "access": "Allow",
                "description": "",
                "destination_address_prefix": "*",
                "destination_address_prefixes": [],
                "destination_application_security_group_ids": [],
                "destination_port_range": "5000",
                "destination_port_ranges": [],
                "direction": "Inbound",
                "name": "Web5000",
                "priority": 1002,
                "protocol": "Tcp",
                "source_address_prefix": "*",
                "source_address_prefixes": [],
                "source_application_security_group_ids": [],
                "source_port_range": "*",
                "source_port_ranges": []
              },
              {
                "access": "Allow",
                "description": "",
                "destination_address_prefix": "*",
                "destination_address_prefixes": [],
                "destination_application_security_group_ids": [],
                "destination_port_range": "9090",
                "destination_port_ranges": [],
                "direction": "Inbound",
                "name": "Prometheus",
                "priority": 1004,
                "protocol": "Tcp",
                "source_address_prefix": "*",
                "source_address_prefixes": [],
                "source_application_security_group_ids": [],
                "source_port_range": "*",
                "source_port_ranges": []
              }
            ],
            "tags": null,
            "timeouts": null
          },
          "sensitive_attributes": [],
          "identity_schema_version": 0,
          "identity": {
            "name": "nsg-lab",
            "resource_group_name": "rg-lab4-vita-v3",
            "subscription_id": "ff8894a0-a5dc-4103-9ac6-d5ac27f14f78"
          },
          "private": "eyJlMmJmYjczMC1lY2FhLTExZTYtOGY4OC0zNDM2M2JjN2M0YzAiOnsiY3JlYXRlIjoxODAwMDAwMDAwMDAwLCJkZWxldGUiOjE4MDAwMDAwMDAwMDAsInJlYWQiOjMwMDAwMDAwMDAwMCwidXBkYXRlIjoxODAwMDAwMDAwMDAwfX0=",
          "dependencies": [
            "azurerm_resource_group.rg"
          ]
        }
      ]
    },
    {
      "mode": "managed",
      "type": "azurerm_public_ip",
      "name": "pip",
      "provider": "provider[\"registry.terraform.io/hashicorp/azurerm\"]",
      "instances": [
        {
          "schema_version": 0,
          "attributes": {
            "allocation_method": "Static",
            "ddos_protection_mode": "VirtualNetworkInherited",
            "ddos_protection_plan_id": null,
            "domain_name_label": "",
            "domain_name_label_scope": "",
            "edge_zone": "",
            "fqdn": "",
            "id": "/subscriptions/ff8894a0-a5dc-4103-9ac6-d5ac27f14f78/resourceGroups/rg-lab4-vita-v3/providers/Microsoft.Network/publicIPAddresses/public-ip-vita",
            "idle_timeout_in_minutes": 4,
            "ip_address": "52.242.196.94",
            "ip_tags": null,
            "ip_version": "IPv4",
            "location": "centralus",
            "name": "public-ip-vita",
            "public_ip_prefix_id": null,
            "resource_group_name": "rg-lab4-vita-v3",
            "reverse_fqdn": "",
            "sku": "Standard",
            "sku_tier": "Regional",
            "tags": null,
            "timeouts": null,
            "zones": null
          },
          "sensitive_attributes": [],
          "identity_schema_version": 0,
          "identity": {
            "name": "public-ip-vita",
            "resource_group_name": "rg-lab4-vita-v3",
            "subscription_id": "ff8894a0-a5dc-4103-9ac6-d5ac27f14f78"
          },
          "private": "eyJlMmJmYjczMC1lY2FhLTExZTYtOGY4OC0zNDM2M2JjN2M0YzAiOnsiY3JlYXRlIjoxODAwMDAwMDAwMDAwLCJkZWxldGUiOjE4MDAwMDAwMDAwMDAsInJlYWQiOjMwMDAwMDAwMDAwMCwidXBkYXRlIjoxODAwMDAwMDAwMDAwfX0=",
          "dependencies": [
            "azurerm_resource_group.rg"
          ]
        }
      ]
    },
    {
      "mode": "managed",
      "type": "azurerm_resource_group",
      "name": "rg",
      "provider": "provider[\"registry.terraform.io/hashicorp/azurerm\"]",
      "instances": [
        {
          "schema_version": 0,
          "attributes": {
            "id": "/subscriptions/ff8894a0-a5dc-4103-9ac6-d5ac27f14f78/resourceGroups/rg-lab4-vita-v3",
            "location": "centralus",
            "managed_by": "",
            "name": "rg-lab4-vita-v3",
            "tags": null,
            "timeouts": null
          },
          "sensitive_attributes": [],
          "identity_schema_version": 0,
          "identity": {
            "name": "rg-lab4-vita-v3",
            "subscription_id": "ff8894a0-a5dc-4103-9ac6-d5ac27f14f78"
          },
          "private": "eyJlMmJmYjczMC1lY2FhLTExZTYtOGY4OC0zNDM2M2JjN2M0YzAiOnsiY3JlYXRlIjo1NDAwMDAwMDAwMDAwLCJkZWxldGUiOjU0MDAwMDAwMDAwMDAsInJlYWQiOjMwMDAwMDAwMDAwMCwidXBkYXRlIjo1NDAwMDAwMDAwMDAwfX0="
        }
      ]
    },
    {
      "mode": "managed",
      "type": "azurerm_subnet",
      "name": "subnet",
      "provider": "provider[\"registry.terraform.io/hashicorp/azurerm\"]",
      "instances": [
        {
          "schema_version": 0,
          "attributes": {
            "address_prefixes": [
              "10.0.1.0/24"
            ],
            "default_outbound_access_enabled": true,
            "delegation": [],
            "id": "/subscriptions/ff8894a0-a5dc-4103-9ac6-d5ac27f14f78/resourceGroups/rg-lab4-vita-v3/providers/Microsoft.Network/virtualNetworks/vnet-lab/subnets/subnet-lab",
            "ip_address_pool": [],
            "name": "subnet-lab",
            "private_endpoint_network_policies": "Disabled",
            "private_link_service_network_policies_enabled": true,
            "resource_group_name": "rg-lab4-vita-v3",
            "service_endpoint_policy_ids": null,
            "service_endpoints": null,
            "sharing_scope": "",
            "timeouts": null,
            "virtual_network_name": "vnet-lab"
          },
          "sensitive_attributes": [],
          "identity_schema_version": 0,
          "identity": {
            "name": "subnet-lab",
            "resource_group_name": "rg-lab4-vita-v3",
            "subscription_id": "ff8894a0-a5dc-4103-9ac6-d5ac27f14f78",
            "virtual_network_name": "vnet-lab"
          },
          "private": "eyJlMmJmYjczMC1lY2FhLTExZTYtOGY4OC0zNDM2M2JjN2M0YzAiOnsiY3JlYXRlIjoxODAwMDAwMDAwMDAwLCJkZWxldGUiOjE4MDAwMDAwMDAwMDAsInJlYWQiOjMwMDAwMDAwMDAwMCwidXBkYXRlIjoxODAwMDAwMDAwMDAwfX0=",
          "dependencies": [
            "azurerm_resource_group.rg",
            "azurerm_virtual_network.vnet"
          ]
        }
      ]
    },
    {
      "mode": "managed",
      "type": "azurerm_virtual_network",
      "name": "vnet",
      "provider": "provider[\"registry.terraform.io/hashicorp/azurerm\"]",
      "instances": [
        {
          "schema_version": 0,
          "attributes": {
            "address_space": [
              "10.0.0.0/16"
            ],
            "bgp_community": "",
            "ddos_protection_plan": [],
            "dns_servers": [],
            "edge_zone": "",
            "encryption": [],
            "flow_timeout_in_minutes": 0,
            "guid": "20f55e0d-4579-488b-89d9-9b6fc40543b1",
            "id": "/subscriptions/ff8894a0-a5dc-4103-9ac6-d5ac27f14f78/resourceGroups/rg-lab4-vita-v3/providers/Microsoft.Network/virtualNetworks/vnet-lab",
            "ip_address_pool": [],
            "location": "centralus",
            "name": "vnet-lab",
            "private_endpoint_vnet_policies": "Disabled",
            "resource_group_name": "rg-lab4-vita-v3",
            "subnet": [],
            "tags": null,
            "timeouts": null
          },
          "sensitive_attributes": [],
          "identity_schema_version": 0,
          "identity": {
            "name": "vnet-lab",
            "resource_group_name": "rg-lab4-vita-v3",
            "subscription_id": "ff8894a0-a5dc-4103-9ac6-d5ac27f14f78"
          },
          "private": "eyJlMmJmYjczMC1lY2FhLTExZTYtOGY4OC0zNDM2M2JjN2M0YzAiOnsiY3JlYXRlIjoxODAwMDAwMDAwMDAwLCJkZWxldGUiOjE4MDAwMDAwMDAwMDAsInJlYWQiOjMwMDAwMDAwMDAwMCwidXBkYXRlIjoxODAwMDAwMDAwMDAwfX0=",
          "dependencies": [
            "azurerm_resource_group.rg"
          ]
        }
      ]
    }
  ],
  "check_results": null
}
